symfony c3ebdbf9cceddb82cd2089aaef8c7b992e536363
twig 94ac20f1553d945c2c224d19d9d28e85ec14372b
monolog 433b98d4218c181bae01865901aac045585e8a1a
doctrine-common 40f1bf16e84ddc5291a6a63aa00b9879c40e3500
doctrine-dbal 0127ee98a4301f2f6e3463c824adc3a3687f901f
doctrine dfdb7353065407afc997956e23f3a44ec3effd72
swiftmailer c53c8c1ab88c78c463ba65086d93d00193957e94
assetic 3333d371c4511abcdec7bad86e15ac2be3b10f03
twig-extensions eba4f5d572bec05c72a47bbd73ba0a3330cf8f54
gherkin ebf711c78542c83a98c65d1ab0ce8002afd616e5
behat e1652097725dd917a47d34d352517ad2493d151a
mink d0c2d91e462562f526721508c4f91ed0c47115ca
metadata 8717ad2a5689480765d9ffafe925cd8a2457e582
imagine 8e189e00c7370cd0e4f6bbbf77d30de8277b3f18
SensioFrameworkExtraBundle 9b9194a47effc66b08d44ae110b982352119ca17
JMSSecurityExtraBundle facedd50988b311f778288ea3b5e070591936f30
SensioDistributionBundle 029151792beac272548fe9df183e15b9be521870
SensioGeneratorBundle 52038c005d565a1bd4986dcdef207ed9f1246b32
AsseticBundle 9c1b7269a4517d1ae94af2dc0d6d6fc4b31e6c10
SonataBluePrintBundle 3afb460b93d5e5933ff95b723d239b9864dc5e84
SonatajQueryBundle cb7039bd694711e17b4db675434eb4ab8bc65d95
KnpMenuBundle e5d9c865ea7375abd6dbd251d47fc016597053ac
SonataAdminBundle 1f1bbf5994d7d467082cf31fe257fbffd6af5745
SonataUserBundle 802c72ee9b240046a2ab8ed70dd9c30c11a6fb66
LiipFunctionalTestBundle 874adbcb282b62b25ec7567e617e45c1778198f3
BehatBundle 628eb52b0f213f00cb8251fa636e899d6ddf1751
MinkBundle 0bdad1d30b8d6af981920615c9102fd8ab4b5408
AvalancheImagineBundle 8a73e0aab30cc5c07f22a50d596c87a3273e140e
FOSUserBundle 767d470d64845690e638c419637d865394bda196